github.com/sapcc/go-bits v0.0.0-20260205162534-c193fd73ad83 h1:9IPsgFMx5rpnIpo6cXR9oVfSTx4uA6TubZoo0mDooxA=
github.com/sapcc/go-bits v0.0.0-20260205162534-c193fd73ad83/go.mod h1:z36FzPM6OMhz+b4LrAuDKNMz6OG0A6gbXcl8QiMj0ko=
github.com/sergi/go-diff v1.4.0 h1:n/SP9D5ad1fORl+llWyN+D6qoUETXNZARKjyY2/KVCw=
github.com/sergi/go-diff v1.4.0/go.mod h1:A0bzQcvG0E7Rwjx0REVgAGH58e96+X0MeOfepqsbeW4=
