github.com/sapcc/go-bits v0.0.0-20251204133412-746f1e02903e h1:h/NPe/nGGZ6/gO52XK4bEuzmLarzu8Tg4uGVMfkbfCA=
github.com/sapcc/go-bits v0.0.0-20251204133412-746f1e02903e/go.mod h1:/4xXSAuH6QpwA8fdg+igq6SNsHaayjxXXOwvQvrNr08=
github.com/sergi/go-diff v1.4.0 h1:n/SP9D5ad1fORl+llWyN+D6qoUETXNZARKjyY2/KVCw=
github.com/sergi/go-diff v1.4.0/go.mod h1:A0bzQcvG0E7Rwjx0REVgAGH58e96+X0MeOfepqsbeW4=
